{
  "name": "re9-translate",
  "version": "1.0.0",
  "lockfileVersion": 3,
  "requires": true,
  "packages": {
    "": {
      "name": "re9-translate",
      "version": "1.0.0",
      "license": "ISC",
      "dependencies": {
        "remsg": "^1.2.0"
      }
    },
    "node_modules/binary-util": {
      "version": "2.0.3",
      "resolved": "https://registry.npmjs.org/binary-util/-/binary-util-2.0.3.tgz",
      "integrity": "sha512-hEY5abwWUndfO59Iq6sqluwT+FRaO4WuF7FOauOWL8c91+2oT1ux1w30To7Z5aSVNzVDBVSvQJ+D3QC2A+oLCg==",
      "license": "MIT",
      "engines": {
        "node": ">=20.19"
      }
    },
    "node_modules/remsg": {
      "version": "1.2.0",
      "resolved": "https://registry.npmjs.org/remsg/-/remsg-1.2.0.tgz",
      "integrity": "sha512-KnLlXzTUUeRu/mUF/YqojlNCg3axh9cSzC45iA7fqEQ/cbFLKZJeZoid1gAqDTonPFLxyg7vmVDpSZQwooQoEA==",
      "license": "MIT",
      "dependencies": {
        "binary-util": "2.0.3"
      },
      "engines": {
        "node": ">=20.19"
      }
    }
  }
}
